
Microsoft Visual Studio Solution File, Format Version 11.00
# Visual Studio 2010
Project("{8BC9CEB8-8B4A-11D0-8D11-00A0C91BC942}") = "RecastDemo", "VC100\RecastDemo.vcxproj", "{E1B19C12-8DD4-4D48-9EA4-324C8B1C1DF2}"
	ProjectSection(ProjectDependencies) = postProject
		{CEBA0438-9461-4950-AADB-2550455163B3} = {CEBA0438-9461-4950-AADB-2550455163B3}
	EndProjectSection
EndProject
Project("{8BC9CEB8-8B4A-11D0-8D11-00A0C91BC942}") = "DebugUtils", "..\..\DebugUtils\win\VC100\DebugUtils.vcxproj", "{CEBA0438-9461-4950-AADB-2550455163B3}"
	ProjectSection(ProjectDependencies) = postProject
		{00B9DC66-96A6-465D-A6C1-5DFF94E48A64} = {00B9DC66-96A6-465D-A6C1-5DFF94E48A64}
		{72BDF975-4D4A-42C7-B2C4-F9ED90A2ABB6} = {72BDF975-4D4A-42C7-B2C4-F9ED90A2ABB6}
	EndProjectSection
EndProject
Project("{8BC9CEB8-8B4A-11D0-8D11-00A0C91BC942}") = "Recast", "..\..\Recast\win\VC100\Recast.vcxproj", "{00B9DC66-96A6-465D-A6C1-5DFF94E48A64}"
EndProject
Project("{8BC9CEB8-8B4A-11D0-8D11-00A0C91BC942}") = "Detour", "..\..\Detour\win\VC100\Detour.vcxproj", "{72BDF975-4D4A-42C7-B2C4-F9ED90A2ABB6}"
EndProject
Global
	GlobalSection(SolutionConfigurationPlatforms) = preSolution
		Debug|Win32 = Debug|Win32
		Release|Win32 = Release|Win32
	EndGlobalSection
	GlobalSection(ProjectConfigurationPlatforms) = postSolution
		{E1B19C12-8DD4-4D48-9EA4-324C8B1C1DF2}.Debug|Win32.ActiveCfg = Debug|Win32
		{E1B19C12-8DD4-4D48-9EA4-324C8B1C1DF2}.Debug|Win32.Build.0 = Debug|Win32
		{E1B19C12-8DD4-4D48-9EA4-324C8B1C1DF2}.Release|Win32.ActiveCfg = Release|Win32
		{E1B19C12-8DD4-4D48-9EA4-324C8B1C1DF2}.Release|Win32.Build.0 = Release|Win32
		{CEBA0438-9461-4950-AADB-2550455163B3}.Debug|Win32.ActiveCfg = Debug|Win32
		{CEBA0438-9461-4950-AADB-2550455163B3}.Debug|Win32.Build.0 = Debug|Win32
		{CEBA0438-9461-4950-AADB-2550455163B3}.Release|Win32.ActiveCfg = Release|Win32
		{CEBA0438-9461-4950-AADB-2550455163B3}.Release|Win32.Build.0 = Release|Win32
		{00B9DC66-96A6-465D-A6C1-5DFF94E48A64}.Debug|Win32.ActiveCfg = Debug|Win32
		{00B9DC66-96A6-465D-A6C1-5DFF94E48A64}.Debug|Win32.Build.0 = Debug|Win32
		{00B9DC66-96A6-465D-A6C1-5DFF94E48A64}.Release|Win32.ActiveCfg = Release|Win32
		{00B9DC66-96A6-465D-A6C1-5DFF94E48A64}.Release|Win32.Build.0 = Release|Win32
		{72BDF975-4D4A-42C7-B2C4-F9ED90A2ABB6}.Debug|Win32.ActiveCfg = Debug|Win32
		{72BDF975-4D4A-42C7-B2C4-F9ED90A2ABB6}.Debug|Win32.Build.0 = Debug|Win32
		{72BDF975-4D4A-42C7-B2C4-F9ED90A2ABB6}.Release|Win32.ActiveCfg = Release|Win32
		{72BDF975-4D4A-42C7-B2C4-F9ED90A2ABB6}.Release|Win32.Build.0 = Release|Win32
	EndGlobalSection
	GlobalSection(SolutionProperties) = preSolution
		HideSolutionNode = FALSE
	EndGlobalSection
EndGlobal
