<?xml version="1.0" encoding="utf-8"?>
<Project ToolsVersion="4.0" xmlns="http://schemas.microsoft.com/developer/msbuild/2003">
  <ItemGroup>
    <Filter Include="include">
      <UniqueIdentifier>{6b336fdb-cddd-4321-831d-8aba86f9b24c}</UniqueIdentifier>
    </Filter>
    <Filter Include="src">
      <UniqueIdentifier>{b1cddaf7-1122-499e-ac8f-e6ba2cdf0ad2}</UniqueIdentifier>
    </Filter>
  </ItemGroup>
  <ItemGroup>
    <ClCompile Include="..\..\Source\DebugDraw.cpp">
      <Filter>src</Filter>
    </ClCompile>
    <ClCompile Include="..\..\Source\DetourDebugDraw.cpp">
      <Filter>src</Filter>
    </ClCompile>
    <ClCompile Include="..\..\Source\RecastDebugDraw.cpp">
      <Filter>src</Filter>
    </ClCompile>
    <ClCompile Include="..\..\Source\RecastDump.cpp">
      <Filter>src</Filter>
    </ClCompile>
  </ItemGroup>
  <ItemGroup>
    <ClInclude Include="..\..\Include\DebugDraw.h">
      <Filter>include</Filter>
    </ClInclude>
    <ClInclude Include="..\..\Include\DetourDebugDraw.h">
      <Filter>include</Filter>
    </ClInclude>
    <ClInclude Include="..\..\Include\RecastDebugDraw.h">
      <Filter>include</Filter>
    </ClInclude>
    <ClInclude Include="..\..\Include\RecastDump.h">
      <Filter>include</Filter>
    </ClInclude>
  </ItemGroup>
</Project>