Microsoft Visual Studio Solution File, Format Version 10.00
# Visual Studio 2008
Project("{8BC9CEB8-8B4A-11D0-8D11-00A0C91BC942}") = "ALL_BUILD", ".\ALL_BUILD.vcproj", "{E24DAD88-6630-4BDC-A790-D48CF22268A2}"
	ProjectSection(ProjectDependencies) = postProject
		{74ED8677-4831-4AE7-8D07-C6192A52C524} = {74ED8677-4831-4AE7-8D07-C6192A52C524}
		{38C04A10-D4AD-487A-8A5C-14340C16BAAE} = {38C04A10-D4AD-487A-8A5C-14340C16BAAE}
		{42DFA5AF-3661-44D8-AD87-0C19A394CEB5} = {42DFA5AF-3661-44D8-AD87-0C19A394CEB5}
		{59B93C4C-D398-4A7F-BB03-09E13E64EB5E} = {59B93C4C-D398-4A7F-BB03-09E13E64EB5E}
		{2A2A8BB8-D096-439E-95F2-8630916116F3} = {2A2A8BB8-D096-439E-95F2-8630916116F3}
		{B5F757CB-F4E9-4906-98BC-8555A43E6713} = {B5F757CB-F4E9-4906-98BC-8555A43E6713}
		{DCB051CE-57C3-4E7A-A147-B7F4249FFFEA} = {DCB051CE-57C3-4E7A-A147-B7F4249FFFEA}
		{61719DCA-492B-4892-A43A-2A586FCECDC9} = {61719DCA-492B-4892-A43A-2A586FCECDC9}
		{921B3BD2-ABBF-4F14-9F02-35035344F9EB} = {921B3BD2-ABBF-4F14-9F02-35035344F9EB}
		{2866AF3F-2335-47C2-8B5E-D38F60A73B86} = {2866AF3F-2335-47C2-8B5E-D38F60A73B86}
		{1E86EE29-07AE-4DC9-BAC8-C5E38E6AE11B} = {1E86EE29-07AE-4DC9-BAC8-C5E38E6AE11B}
		{868BE689-399D-442B-A534-72BC0716BDA4} = {868BE689-399D-442B-A534-72BC0716BDA4}
		{C08BE762-BB01-4D4D-992C-15FC8E6634B6} = {C08BE762-BB01-4D4D-992C-15FC8E6634B6}
		{7768E360-4453-4ED5-A777-03A7A7EBD20E} = {7768E360-4453-4ED5-A777-03A7A7EBD20E}
		{8EDB1EC7-50B4-4403-9563-94B91101B00D} = {8EDB1EC7-50B4-4403-9563-94B91101B00D}
	EndProjectSection
EndProject
Project("{8BC9CEB8-8B4A-11D0-8D11-00A0C91BC942}") = "INSTALL", ".\INSTALL.vcproj", "{92500573-67E9-4D31-8891-DE300094CA79}"
	ProjectSection(ProjectDependencies) = postProject
		{E24DAD88-6630-4BDC-A790-D48CF22268A2} = {E24DAD88-6630-4BDC-A790-D48CF22268A2}
	EndProjectSection
EndProject
Project("{8BC9CEB8-8B4A-11D0-8D11-00A0C91BC942}") = "ZERO_CHECK", ".\ZERO_CHECK.vcproj", "{74ED8677-4831-4AE7-8D07-C6192A52C524}"
	ProjectSection(ProjectDependencies) = postProject
	EndProjectSection
EndProject
Project("{8BC9CEB8-8B4A-11D0-8D11-00A0C91BC942}") = "ace", "dep\acelite\ace\ace.vcproj", "{38C04A10-D4AD-487A-8A5C-14340C16BAAE}"
	ProjectSection(ProjectDependencies) = postProject
		{74ED8677-4831-4AE7-8D07-C6192A52C524} = {74ED8677-4831-4AE7-8D07-C6192A52C524}
	EndProjectSection
EndProject
Project("{8BC9CEB8-8B4A-11D0-8D11-00A0C91BC942}") = "authserver", "src\server\authserver\authserver.vcproj", "{42DFA5AF-3661-44D8-AD87-0C19A394CEB5}"
	ProjectSection(ProjectDependencies) = postProject
		{74ED8677-4831-4AE7-8D07-C6192A52C524} = {74ED8677-4831-4AE7-8D07-C6192A52C524}
		{38C04A10-D4AD-487A-8A5C-14340C16BAAE} = {38C04A10-D4AD-487A-8A5C-14340C16BAAE}
		{61719DCA-492B-4892-A43A-2A586FCECDC9} = {61719DCA-492B-4892-A43A-2A586FCECDC9}
		{2866AF3F-2335-47C2-8B5E-D38F60A73B86} = {2866AF3F-2335-47C2-8B5E-D38F60A73B86}
		{868BE689-399D-442B-A534-72BC0716BDA4} = {868BE689-399D-442B-A534-72BC0716BDA4}
		{8EDB1EC7-50B4-4403-9563-94B91101B00D} = {8EDB1EC7-50B4-4403-9563-94B91101B00D}
	EndProjectSection
EndProject
Project("{8BC9CEB8-8B4A-11D0-8D11-00A0C91BC942}") = "bzip2", "dep\bzip2\bzip2.vcproj", "{59B93C4C-D398-4A7F-BB03-09E13E64EB5E}"
	ProjectSection(ProjectDependencies) = postProject
		{74ED8677-4831-4AE7-8D07-C6192A52C524} = {74ED8677-4831-4AE7-8D07-C6192A52C524}
	EndProjectSection
EndProject
Project("{8BC9CEB8-8B4A-11D0-8D11-00A0C91BC942}") = "collision", "src\server\collision\collision.vcproj", "{2A2A8BB8-D096-439E-95F2-8630916116F3}"
	ProjectSection(ProjectDependencies) = postProject
		{74ED8677-4831-4AE7-8D07-C6192A52C524} = {74ED8677-4831-4AE7-8D07-C6192A52C524}
	EndProjectSection
EndProject
Project("{8BC9CEB8-8B4A-11D0-8D11-00A0C91BC942}") = "g3dlib", "dep\g3dlite\g3dlib.vcproj", "{B5F757CB-F4E9-4906-98BC-8555A43E6713}"
	ProjectSection(ProjectDependencies) = postProject
		{74ED8677-4831-4AE7-8D07-C6192A52C524} = {74ED8677-4831-4AE7-8D07-C6192A52C524}
	EndProjectSection
EndProject
Project("{8BC9CEB8-8B4A-11D0-8D11-00A0C91BC942}") = "game", "src\server\game\game.vcproj", "{DCB051CE-57C3-4E7A-A147-B7F4249FFFEA}"
	ProjectSection(ProjectDependencies) = postProject
		{74ED8677-4831-4AE7-8D07-C6192A52C524} = {74ED8677-4831-4AE7-8D07-C6192A52C524}
		{61719DCA-492B-4892-A43A-2A586FCECDC9} = {61719DCA-492B-4892-A43A-2A586FCECDC9}
	EndProjectSection
EndProject
Project("{8BC9CEB8-8B4A-11D0-8D11-00A0C91BC942}") = "genrev", "src\genrevision\genrev.vcproj", "{61719DCA-492B-4892-A43A-2A586FCECDC9}"
	ProjectSection(ProjectDependencies) = postProject
		{74ED8677-4831-4AE7-8D07-C6192A52C524} = {74ED8677-4831-4AE7-8D07-C6192A52C524}
	EndProjectSection
EndProject
Project("{8BC9CEB8-8B4A-11D0-8D11-00A0C91BC942}") = "gsoap", "dep\gsoap\gsoap.vcproj", "{921B3BD2-ABBF-4F14-9F02-35035344F9EB}"
	ProjectSection(ProjectDependencies) = postProject
		{74ED8677-4831-4AE7-8D07-C6192A52C524} = {74ED8677-4831-4AE7-8D07-C6192A52C524}
	EndProjectSection
EndProject
Project("{8BC9CEB8-8B4A-11D0-8D11-00A0C91BC942}") = "libmysql", "dep\mysqllite\libmysql.vcproj", "{2866AF3F-2335-47C2-8B5E-D38F60A73B86}"
	ProjectSection(ProjectDependencies) = postProject
		{74ED8677-4831-4AE7-8D07-C6192A52C524} = {74ED8677-4831-4AE7-8D07-C6192A52C524}
		{8EDB1EC7-50B4-4403-9563-94B91101B00D} = {8EDB1EC7-50B4-4403-9563-94B91101B00D}
	EndProjectSection
EndProject
Project("{8BC9CEB8-8B4A-11D0-8D11-00A0C91BC942}") = "scripts", "src\server\scripts\scripts.vcproj", "{1E86EE29-07AE-4DC9-BAC8-C5E38E6AE11B}"
	ProjectSection(ProjectDependencies) = postProject
		{74ED8677-4831-4AE7-8D07-C6192A52C524} = {74ED8677-4831-4AE7-8D07-C6192A52C524}
		{61719DCA-492B-4892-A43A-2A586FCECDC9} = {61719DCA-492B-4892-A43A-2A586FCECDC9}
	EndProjectSection
EndProject
Project("{8BC9CEB8-8B4A-11D0-8D11-00A0C91BC942}") = "shared", "src\server\shared\shared.vcproj", "{868BE689-399D-442B-A534-72BC0716BDA4}"
	ProjectSection(ProjectDependencies) = postProject
		{74ED8677-4831-4AE7-8D07-C6192A52C524} = {74ED8677-4831-4AE7-8D07-C6192A52C524}
		{61719DCA-492B-4892-A43A-2A586FCECDC9} = {61719DCA-492B-4892-A43A-2A586FCECDC9}
	EndProjectSection
EndProject
Project("{8BC9CEB8-8B4A-11D0-8D11-00A0C91BC942}") = "trinitysockets", "dep\sockets\trinitysockets.vcproj", "{C08BE762-BB01-4D4D-992C-15FC8E6634B6}"
	ProjectSection(ProjectDependencies) = postProject
		{74ED8677-4831-4AE7-8D07-C6192A52C524} = {74ED8677-4831-4AE7-8D07-C6192A52C524}
	EndProjectSection
EndProject
Project("{8BC9CEB8-8B4A-11D0-8D11-00A0C91BC942}") = "worldserver", "src\server\worldserver\worldserver.vcproj", "{7768E360-4453-4ED5-A777-03A7A7EBD20E}"
	ProjectSection(ProjectDependencies) = postProject
		{74ED8677-4831-4AE7-8D07-C6192A52C524} = {74ED8677-4831-4AE7-8D07-C6192A52C524}
		{38C04A10-D4AD-487A-8A5C-14340C16BAAE} = {38C04A10-D4AD-487A-8A5C-14340C16BAAE}
		{2A2A8BB8-D096-439E-95F2-8630916116F3} = {2A2A8BB8-D096-439E-95F2-8630916116F3}
		{B5F757CB-F4E9-4906-98BC-8555A43E6713} = {B5F757CB-F4E9-4906-98BC-8555A43E6713}
		{DCB051CE-57C3-4E7A-A147-B7F4249FFFEA} = {DCB051CE-57C3-4E7A-A147-B7F4249FFFEA}
		{61719DCA-492B-4892-A43A-2A586FCECDC9} = {61719DCA-492B-4892-A43A-2A586FCECDC9}
		{921B3BD2-ABBF-4F14-9F02-35035344F9EB} = {921B3BD2-ABBF-4F14-9F02-35035344F9EB}
		{2866AF3F-2335-47C2-8B5E-D38F60A73B86} = {2866AF3F-2335-47C2-8B5E-D38F60A73B86}
		{1E86EE29-07AE-4DC9-BAC8-C5E38E6AE11B} = {1E86EE29-07AE-4DC9-BAC8-C5E38E6AE11B}
		{868BE689-399D-442B-A534-72BC0716BDA4} = {868BE689-399D-442B-A534-72BC0716BDA4}
		{C08BE762-BB01-4D4D-992C-15FC8E6634B6} = {C08BE762-BB01-4D4D-992C-15FC8E6634B6}
		{8EDB1EC7-50B4-4403-9563-94B91101B00D} = {8EDB1EC7-50B4-4403-9563-94B91101B00D}
	EndProjectSection
EndProject
Project("{8BC9CEB8-8B4A-11D0-8D11-00A0C91BC942}") = "zlib", "dep\zlib\zlib.vcproj", "{8EDB1EC7-50B4-4403-9563-94B91101B00D}"
	ProjectSection(ProjectDependencies) = postProject
		{74ED8677-4831-4AE7-8D07-C6192A52C524} = {74ED8677-4831-4AE7-8D07-C6192A52C524}
	EndProjectSection
EndProject
Global
	GlobalSection(SolutionConfigurationPlatforms) = preSolution
		Debug|Win32 = Debug|Win32
		Release|Win32 = Release|Win32
		MinSizeRel|Win32 = MinSizeRel|Win32
		RelWithDebInfo|Win32 = RelWithDebInfo|Win32
	EndGlobalSection
	GlobalSection(ProjectConfigurationPlatforms) = postSolution
		{E24DAD88-6630-4BDC-A790-D48CF22268A2}.Debug|Win32.ActiveCfg = Debug|Win32
		{E24DAD88-6630-4BDC-A790-D48CF22268A2}.Debug|Win32.Build.0 = Debug|Win32
		{E24DAD88-6630-4BDC-A790-D48CF22268A2}.Release|Win32.ActiveCfg = Release|Win32
		{E24DAD88-6630-4BDC-A790-D48CF22268A2}.Release|Win32.Build.0 = Release|Win32
		{E24DAD88-6630-4BDC-A790-D48CF22268A2}.MinSizeRel|Win32.ActiveCfg = MinSizeRel|Win32
		{E24DAD88-6630-4BDC-A790-D48CF22268A2}.MinSizeRel|Win32.Build.0 = MinSizeRel|Win32
		{E24DAD88-6630-4BDC-A790-D48CF22268A2}.RelWithDebInfo|Win32.ActiveCfg = RelWithDebInfo|Win32
		{E24DAD88-6630-4BDC-A790-D48CF22268A2}.RelWithDebInfo|Win32.Build.0 = RelWithDebInfo|Win32
		{92500573-67E9-4D31-8891-DE300094CA79}.Debug|Win32.ActiveCfg = Debug|Win32
		{92500573-67E9-4D31-8891-DE300094CA79}.Release|Win32.ActiveCfg = Release|Win32
		{92500573-67E9-4D31-8891-DE300094CA79}.MinSizeRel|Win32.ActiveCfg = MinSizeRel|Win32
		{92500573-67E9-4D31-8891-DE300094CA79}.RelWithDebInfo|Win32.ActiveCfg = RelWithDebInfo|Win32
		{74ED8677-4831-4AE7-8D07-C6192A52C524}.Debug|Win32.ActiveCfg = Debug|Win32
		{74ED8677-4831-4AE7-8D07-C6192A52C524}.Debug|Win32.Build.0 = Debug|Win32
		{74ED8677-4831-4AE7-8D07-C6192A52C524}.Release|Win32.ActiveCfg = Release|Win32
		{74ED8677-4831-4AE7-8D07-C6192A52C524}.Release|Win32.Build.0 = Release|Win32
		{74ED8677-4831-4AE7-8D07-C6192A52C524}.MinSizeRel|Win32.ActiveCfg = MinSizeRel|Win32
		{74ED8677-4831-4AE7-8D07-C6192A52C524}.MinSizeRel|Win32.Build.0 = MinSizeRel|Win32
		{74ED8677-4831-4AE7-8D07-C6192A52C524}.RelWithDebInfo|Win32.ActiveCfg = RelWithDebInfo|Win32
		{74ED8677-4831-4AE7-8D07-C6192A52C524}.RelWithDebInfo|Win32.Build.0 = RelWithDebInfo|Win32
		{38C04A10-D4AD-487A-8A5C-14340C16BAAE}.Debug|Win32.ActiveCfg = Debug|Win32
		{38C04A10-D4AD-487A-8A5C-14340C16BAAE}.Debug|Win32.Build.0 = Debug|Win32
		{38C04A10-D4AD-487A-8A5C-14340C16BAAE}.Release|Win32.ActiveCfg = Release|Win32
		{38C04A10-D4AD-487A-8A5C-14340C16BAAE}.Release|Win32.Build.0 = Release|Win32
		{38C04A10-D4AD-487A-8A5C-14340C16BAAE}.MinSizeRel|Win32.ActiveCfg = MinSizeRel|Win32
		{38C04A10-D4AD-487A-8A5C-14340C16BAAE}.MinSizeRel|Win32.Build.0 = MinSizeRel|Win32
		{38C04A10-D4AD-487A-8A5C-14340C16BAAE}.RelWithDebInfo|Win32.ActiveCfg = RelWithDebInfo|Win32
		{38C04A10-D4AD-487A-8A5C-14340C16BAAE}.RelWithDebInfo|Win32.Build.0 = RelWithDebInfo|Win32
		{42DFA5AF-3661-44D8-AD87-0C19A394CEB5}.Debug|Win32.ActiveCfg = Debug|Win32
		{42DFA5AF-3661-44D8-AD87-0C19A394CEB5}.Debug|Win32.Build.0 = Debug|Win32
		{42DFA5AF-3661-44D8-AD87-0C19A394CEB5}.Release|Win32.ActiveCfg = Release|Win32
		{42DFA5AF-3661-44D8-AD87-0C19A394CEB5}.Release|Win32.Build.0 = Release|Win32
		{42DFA5AF-3661-44D8-AD87-0C19A394CEB5}.MinSizeRel|Win32.ActiveCfg = MinSizeRel|Win32
		{42DFA5AF-3661-44D8-AD87-0C19A394CEB5}.MinSizeRel|Win32.Build.0 = MinSizeRel|Win32
		{42DFA5AF-3661-44D8-AD87-0C19A394CEB5}.RelWithDebInfo|Win32.ActiveCfg = RelWithDebInfo|Win32
		{42DFA5AF-3661-44D8-AD87-0C19A394CEB5}.RelWithDebInfo|Win32.Build.0 = RelWithDebInfo|Win32
		{59B93C4C-D398-4A7F-BB03-09E13E64EB5E}.Debug|Win32.ActiveCfg = Debug|Win32
		{59B93C4C-D398-4A7F-BB03-09E13E64EB5E}.Debug|Win32.Build.0 = Debug|Win32
		{59B93C4C-D398-4A7F-BB03-09E13E64EB5E}.Release|Win32.ActiveCfg = Release|Win32
		{59B93C4C-D398-4A7F-BB03-09E13E64EB5E}.Release|Win32.Build.0 = Release|Win32
		{59B93C4C-D398-4A7F-BB03-09E13E64EB5E}.MinSizeRel|Win32.ActiveCfg = MinSizeRel|Win32
		{59B93C4C-D398-4A7F-BB03-09E13E64EB5E}.MinSizeRel|Win32.Build.0 = MinSizeRel|Win32
		{59B93C4C-D398-4A7F-BB03-09E13E64EB5E}.RelWithDebInfo|Win32.ActiveCfg = RelWithDebInfo|Win32
		{59B93C4C-D398-4A7F-BB03-09E13E64EB5E}.RelWithDebInfo|Win32.Build.0 = RelWithDebInfo|Win32
		{2A2A8BB8-D096-439E-95F2-8630916116F3}.Debug|Win32.ActiveCfg = Debug|Win32
		{2A2A8BB8-D096-439E-95F2-8630916116F3}.Debug|Win32.Build.0 = Debug|Win32
		{2A2A8BB8-D096-439E-95F2-8630916116F3}.Release|Win32.ActiveCfg = Release|Win32
		{2A2A8BB8-D096-439E-95F2-8630916116F3}.Release|Win32.Build.0 = Release|Win32
		{2A2A8BB8-D096-439E-95F2-8630916116F3}.MinSizeRel|Win32.ActiveCfg = MinSizeRel|Win32
		{2A2A8BB8-D096-439E-95F2-8630916116F3}.MinSizeRel|Win32.Build.0 = MinSizeRel|Win32
		{2A2A8BB8-D096-439E-95F2-8630916116F3}.RelWithDebInfo|Win32.ActiveCfg = RelWithDebInfo|Win32
		{2A2A8BB8-D096-439E-95F2-8630916116F3}.RelWithDebInfo|Win32.Build.0 = RelWithDebInfo|Win32
		{B5F757CB-F4E9-4906-98BC-8555A43E6713}.Debug|Win32.ActiveCfg = Debug|Win32
		{B5F757CB-F4E9-4906-98BC-8555A43E6713}.Debug|Win32.Build.0 = Debug|Win32
		{B5F757CB-F4E9-4906-98BC-8555A43E6713}.Release|Win32.ActiveCfg = Release|Win32
		{B5F757CB-F4E9-4906-98BC-8555A43E6713}.Release|Win32.Build.0 = Release|Win32
		{B5F757CB-F4E9-4906-98BC-8555A43E6713}.MinSizeRel|Win32.ActiveCfg = MinSizeRel|Win32
		{B5F757CB-F4E9-4906-98BC-8555A43E6713}.MinSizeRel|Win32.Build.0 = MinSizeRel|Win32
		{B5F757CB-F4E9-4906-98BC-8555A43E6713}.RelWithDebInfo|Win32.ActiveCfg = RelWithDebInfo|Win32
		{B5F757CB-F4E9-4906-98BC-8555A43E6713}.RelWithDebInfo|Win32.Build.0 = RelWithDebInfo|Win32
		{DCB051CE-57C3-4E7A-A147-B7F4249FFFEA}.Debug|Win32.ActiveCfg = Debug|Win32
		{DCB051CE-57C3-4E7A-A147-B7F4249FFFEA}.Debug|Win32.Build.0 = Debug|Win32
		{DCB051CE-57C3-4E7A-A147-B7F4249FFFEA}.Release|Win32.ActiveCfg = Release|Win32
		{DCB051CE-57C3-4E7A-A147-B7F4249FFFEA}.Release|Win32.Build.0 = Release|Win32
		{DCB051CE-57C3-4E7A-A147-B7F4249FFFEA}.MinSizeRel|Win32.ActiveCfg = MinSizeRel|Win32
		{DCB051CE-57C3-4E7A-A147-B7F4249FFFEA}.MinSizeRel|Win32.Build.0 = MinSizeRel|Win32
		{DCB051CE-57C3-4E7A-A147-B7F4249FFFEA}.RelWithDebInfo|Win32.ActiveCfg = RelWithDebInfo|Win32
		{DCB051CE-57C3-4E7A-A147-B7F4249FFFEA}.RelWithDebInfo|Win32.Build.0 = RelWithDebInfo|Win32
		{61719DCA-492B-4892-A43A-2A586FCECDC9}.Debug|Win32.ActiveCfg = Debug|Win32
		{61719DCA-492B-4892-A43A-2A586FCECDC9}.Debug|Win32.Build.0 = Debug|Win32
		{61719DCA-492B-4892-A43A-2A586FCECDC9}.Release|Win32.ActiveCfg = Release|Win32
		{61719DCA-492B-4892-A43A-2A586FCECDC9}.Release|Win32.Build.0 = Release|Win32
		{61719DCA-492B-4892-A43A-2A586FCECDC9}.MinSizeRel|Win32.ActiveCfg = MinSizeRel|Win32
		{61719DCA-492B-4892-A43A-2A586FCECDC9}.MinSizeRel|Win32.Build.0 = MinSizeRel|Win32
		{61719DCA-492B-4892-A43A-2A586FCECDC9}.RelWithDebInfo|Win32.ActiveCfg = RelWithDebInfo|Win32
		{61719DCA-492B-4892-A43A-2A586FCECDC9}.RelWithDebInfo|Win32.Build.0 = RelWithDebInfo|Win32
		{921B3BD2-ABBF-4F14-9F02-35035344F9EB}.Debug|Win32.ActiveCfg = Debug|Win32
		{921B3BD2-ABBF-4F14-9F02-35035344F9EB}.Debug|Win32.Build.0 = Debug|Win32
		{921B3BD2-ABBF-4F14-9F02-35035344F9EB}.Release|Win32.ActiveCfg = Release|Win32
		{921B3BD2-ABBF-4F14-9F02-35035344F9EB}.Release|Win32.Build.0 = Release|Win32
		{921B3BD2-ABBF-4F14-9F02-35035344F9EB}.MinSizeRel|Win32.ActiveCfg = MinSizeRel|Win32
		{921B3BD2-ABBF-4F14-9F02-35035344F9EB}.MinSizeRel|Win32.Build.0 = MinSizeRel|Win32
		{921B3BD2-ABBF-4F14-9F02-35035344F9EB}.RelWithDebInfo|Win32.ActiveCfg = RelWithDebInfo|Win32
		{921B3BD2-ABBF-4F14-9F02-35035344F9EB}.RelWithDebInfo|Win32.Build.0 = RelWithDebInfo|Win32
		{2866AF3F-2335-47C2-8B5E-D38F60A73B86}.Debug|Win32.ActiveCfg = Debug|Win32
		{2866AF3F-2335-47C2-8B5E-D38F60A73B86}.Debug|Win32.Build.0 = Debug|Win32
		{2866AF3F-2335-47C2-8B5E-D38F60A73B86}.Release|Win32.ActiveCfg = Release|Win32
		{2866AF3F-2335-47C2-8B5E-D38F60A73B86}.Release|Win32.Build.0 = Release|Win32
		{2866AF3F-2335-47C2-8B5E-D38F60A73B86}.MinSizeRel|Win32.ActiveCfg = MinSizeRel|Win32
		{2866AF3F-2335-47C2-8B5E-D38F60A73B86}.MinSizeRel|Win32.Build.0 = MinSizeRel|Win32
		{2866AF3F-2335-47C2-8B5E-D38F60A73B86}.RelWithDebInfo|Win32.ActiveCfg = RelWithDebInfo|Win32
		{2866AF3F-2335-47C2-8B5E-D38F60A73B86}.RelWithDebInfo|Win32.Build.0 = RelWithDebInfo|Win32
		{1E86EE29-07AE-4DC9-BAC8-C5E38E6AE11B}.Debug|Win32.ActiveCfg = Debug|Win32
		{1E86EE29-07AE-4DC9-BAC8-C5E38E6AE11B}.Debug|Win32.Build.0 = Debug|Win32
		{1E86EE29-07AE-4DC9-BAC8-C5E38E6AE11B}.Release|Win32.ActiveCfg = Release|Win32
		{1E86EE29-07AE-4DC9-BAC8-C5E38E6AE11B}.Release|Win32.Build.0 = Release|Win32
		{1E86EE29-07AE-4DC9-BAC8-C5E38E6AE11B}.MinSizeRel|Win32.ActiveCfg = MinSizeRel|Win32
		{1E86EE29-07AE-4DC9-BAC8-C5E38E6AE11B}.MinSizeRel|Win32.Build.0 = MinSizeRel|Win32
		{1E86EE29-07AE-4DC9-BAC8-C5E38E6AE11B}.RelWithDebInfo|Win32.ActiveCfg = RelWithDebInfo|Win32
		{1E86EE29-07AE-4DC9-BAC8-C5E38E6AE11B}.RelWithDebInfo|Win32.Build.0 = RelWithDebInfo|Win32
		{868BE689-399D-442B-A534-72BC0716BDA4}.Debug|Win32.ActiveCfg = Debug|Win32
		{868BE689-399D-442B-A534-72BC0716BDA4}.Debug|Win32.Build.0 = Debug|Win32
		{868BE689-399D-442B-A534-72BC0716BDA4}.Release|Win32.ActiveCfg = Release|Win32
		{868BE689-399D-442B-A534-72BC0716BDA4}.Release|Win32.Build.0 = Release|Win32
		{868BE689-399D-442B-A534-72BC0716BDA4}.MinSizeRel|Win32.ActiveCfg = MinSizeRel|Win32
		{868BE689-399D-442B-A534-72BC0716BDA4}.MinSizeRel|Win32.Build.0 = MinSizeRel|Win32
		{868BE689-399D-442B-A534-72BC0716BDA4}.RelWithDebInfo|Win32.ActiveCfg = RelWithDebInfo|Win32
		{868BE689-399D-442B-A534-72BC0716BDA4}.RelWithDebInfo|Win32.Build.0 = RelWithDebInfo|Win32
		{C08BE762-BB01-4D4D-992C-15FC8E6634B6}.Debug|Win32.ActiveCfg = Debug|Win32
		{C08BE762-BB01-4D4D-992C-15FC8E6634B6}.Debug|Win32.Build.0 = Debug|Win32
		{C08BE762-BB01-4D4D-992C-15FC8E6634B6}.Release|Win32.ActiveCfg = Release|Win32
		{C08BE762-BB01-4D4D-992C-15FC8E6634B6}.Release|Win32.Build.0 = Release|Win32
		{C08BE762-BB01-4D4D-992C-15FC8E6634B6}.MinSizeRel|Win32.ActiveCfg = MinSizeRel|Win32
		{C08BE762-BB01-4D4D-992C-15FC8E6634B6}.MinSizeRel|Win32.Build.0 = MinSizeRel|Win32
		{C08BE762-BB01-4D4D-992C-15FC8E6634B6}.RelWithDebInfo|Win32.ActiveCfg = RelWithDebInfo|Win32
		{C08BE762-BB01-4D4D-992C-15FC8E6634B6}.RelWithDebInfo|Win32.Build.0 = RelWithDebInfo|Win32
		{7768E360-4453-4ED5-A777-03A7A7EBD20E}.Debug|Win32.ActiveCfg = Debug|Win32
		{7768E360-4453-4ED5-A777-03A7A7EBD20E}.Debug|Win32.Build.0 = Debug|Win32
		{7768E360-4453-4ED5-A777-03A7A7EBD20E}.Release|Win32.ActiveCfg = Release|Win32
		{7768E360-4453-4ED5-A777-03A7A7EBD20E}.Release|Win32.Build.0 = Release|Win32
		{7768E360-4453-4ED5-A777-03A7A7EBD20E}.MinSizeRel|Win32.ActiveCfg = MinSizeRel|Win32
		{7768E360-4453-4ED5-A777-03A7A7EBD20E}.MinSizeRel|Win32.Build.0 = MinSizeRel|Win32
		{7768E360-4453-4ED5-A777-03A7A7EBD20E}.RelWithDebInfo|Win32.ActiveCfg = RelWithDebInfo|Win32
		{7768E360-4453-4ED5-A777-03A7A7EBD20E}.RelWithDebInfo|Win32.Build.0 = RelWithDebInfo|Win32
		{8EDB1EC7-50B4-4403-9563-94B91101B00D}.Debug|Win32.ActiveCfg = Debug|Win32
		{8EDB1EC7-50B4-4403-9563-94B91101B00D}.Debug|Win32.Build.0 = Debug|Win32
		{8EDB1EC7-50B4-4403-9563-94B91101B00D}.Release|Win32.ActiveCfg = Release|Win32
		{8EDB1EC7-50B4-4403-9563-94B91101B00D}.Release|Win32.Build.0 = Release|Win32
		{8EDB1EC7-50B4-4403-9563-94B91101B00D}.MinSizeRel|Win32.ActiveCfg = MinSizeRel|Win32
		{8EDB1EC7-50B4-4403-9563-94B91101B00D}.MinSizeRel|Win32.Build.0 = MinSizeRel|Win32
		{8EDB1EC7-50B4-4403-9563-94B91101B00D}.RelWithDebInfo|Win32.ActiveCfg = RelWithDebInfo|Win32
		{8EDB1EC7-50B4-4403-9563-94B91101B00D}.RelWithDebInfo|Win32.Build.0 = RelWithDebInfo|Win32
	EndGlobalSection
	GlobalSection(ExtensibilityGlobals) = postSolution
	EndGlobalSection
	GlobalSection(ExtensibilityAddIns) = postSolution
	EndGlobalSection
EndGlobal
